
Microsoft Visual Studio Solution File, Format Version 12.00
# Visual Studio Version 17
VisualStudioVersion = 17.4.33205.214
MinimumVisualStudioVersion = 10.0.40219.1
Project("{FAE04EC0-301F-11D3-BF4B-00C04F79EFBC}") = "MSC_55", "MSC_55.csproj", "{153E69E9-3092-4D74-82F6-34B9D04B4C31}"
EndProject
Global
	GlobalSection(SolutionConfigurationPlatforms) = preSolution
		Debug|Any CPU = Debug|Any CPU
		Release|Any CPU = Release|Any CPU
	EndGlobalSection
	GlobalSection(ProjectConfigurationPlatforms) = postSolution
		{153E69E9-3092-4D74-82F6-34B9D04B4C31}.Debug|Any CPU.ActiveCfg = Debug|Any CPU
		{153E69E9-3092-4D74-82F6-34B9D04B4C31}.Debug|Any CPU.Build.0 = Debug|Any CPU
		{153E69E9-3092-4D74-82F6-34B9D04B4C31}.Release|Any CPU.ActiveCfg = Release|Any CPU
		{153E69E9-3092-4D74-82F6-34B9D04B4C31}.Release|Any CPU.Build.0 = Release|Any CPU
	EndGlobalSection
	GlobalSection(SolutionProperties) = preSolution
		HideSolutionNode = FALSE
	EndGlobalSection
	GlobalSection(ExtensibilityGlobals) = postSolution
		SolutionGuid = {4E0B8DC9-E7EA-4B1B-A8DB-4524D713E14B}
	EndGlobalSection
EndGlobal
